
Microsoft Visual Studio Solution File, Format Version 12.00
# Visual Studio Version 17
VisualStudioVersion = 17.10.35027.167
MinimumVisualStudioVersion = 10.0.40219.1
Project("{FAE04EC0-301F-11D3-BF4B-00C04F79EFBC}") = "AssistenceQr", "AssistenceQr\AssistenceQr.csproj", "{9CCA11C5-D610-40A2-AF50-F8930F4319D4}"
EndProject
Global
	GlobalSection(SolutionConfigurationPlatforms) = preSolution
		Debug|Any CPU = Debug|Any CPU
		Release|Any CPU = Release|Any CPU
	EndGlobalSection
	GlobalSection(ProjectConfigurationPlatforms) = postSolution
		{9CCA11C5-D610-40A2-AF50-F8930F4319D4}.Debug|Any CPU.ActiveCfg = Debug|Any CPU
		{9CCA11C5-D610-40A2-AF50-F8930F4319D4}.Debug|Any CPU.Build.0 = Debug|Any CPU
		{9CCA11C5-D610-40A2-AF50-F8930F4319D4}.Release|Any CPU.ActiveCfg = Release|Any CPU
		{9CCA11C5-D610-40A2-AF50-F8930F4319D4}.Release|Any CPU.Build.0 = Release|Any CPU
	EndGlobalSection
	GlobalSection(SolutionProperties) = preSolution
		HideSolutionNode = FALSE
	EndGlobalSection
	GlobalSection(ExtensibilityGlobals) = postSolution
		SolutionGuid = {47256C13-95DB-4B17-B606-AFD11ECF8312}
	EndGlobalSection
EndGlobal
